# This file is automatically @generated by Cargo.
# It is not intended for manual editing.
version = 3

[[package]]
name = "const_graphs"
version = "0.1.0"
dependencies = [
 "sha2-const",
]

[[package]]
name = "sha2-const"
version = "0.1.2"
source = "registry+https://github.com/rust-lang/crates.io-index"
checksum = "5edcd790916d95ff81bdc1505b09c74d30d47a755929cc8c71c59cbbfa99f91b"
